
Microsoft Visual Studio Solution File, Format Version 12.00
# Visual Studio Version 16
VisualStudioVersion = 16.0.30104.148
MinimumVisualStudioVersion = 10.0.40219.1
Project("{FAE04EC0-301F-11D3-BF4B-00C04F79EFBC}") = "pryVerduleros", "pryVerduleros\pryVerduleros.csproj", "{087046ED-3D67-4964-BE9D-307E8FB34365}"
EndProject
Global
	GlobalSection(SolutionConfigurationPlatforms) = preSolution
		Debug|Any CPU = Debug|Any CPU
		Release|Any CPU = Release|Any CPU
	EndGlobalSection
	GlobalSection(ProjectConfigurationPlatforms) = postSolution
		{087046ED-3D67-4964-BE9D-307E8FB34365}.Debug|Any CPU.ActiveCfg = Debug|Any CPU
		{087046ED-3D67-4964-BE9D-307E8FB34365}.Debug|Any CPU.Build.0 = Debug|Any CPU
		{087046ED-3D67-4964-BE9D-307E8FB34365}.Release|Any CPU.ActiveCfg = Release|Any CPU
		{087046ED-3D67-4964-BE9D-307E8FB34365}.Release|Any CPU.Build.0 = Release|Any CPU
	EndGlobalSection
	GlobalSection(SolutionProperties) = preSolution
		HideSolutionNode = FALSE
	EndGlobalSection
	GlobalSection(ExtensibilityGlobals) = postSolution
		SolutionGuid = {B71C77BB-4439-4BA2-BDCE-4E39E7CE1594}
	EndGlobalSection
EndGlobal
